
Microsoft Visual Studio Solution File, Format Version 12.00
# Visual Studio Version 16
VisualStudioVersion = 16.0.29613.14
MinimumVisualStudioVersion = 10.0.40219.1
Project("{9A19103F-16F7-4668-BE54-9A1E7A4F7556}") = "APP", "APP\APP.csproj", "{DAE11FD3-9767-41A1-A668-79E4B128B654}"
EndProject
Project("{9A19103F-16F7-4668-BE54-9A1E7A4F7556}") = "WeaponClassification", "WeaponClassification\WeaponClassification.csproj", "{BF1F7CB1-DD79-4C71-9FC9-7C18912D76E0}"
EndProject
Project("{FAE04EC0-301F-11D3-BF4B-00C04F79EFBC}") = "Task3", "Task3\Task3.csproj", "{BAB861FE-413C-40AE-81CF-EC778CA67AA1}"
EndProject
Global
	GlobalSection(SolutionConfigurationPlatforms) = preSolution
		Debug|Any CPU = Debug|Any CPU
		Release|Any CPU = Release|Any CPU
	EndGlobalSection
	GlobalSection(ProjectConfigurationPlatforms) = postSolution
		{DAE11FD3-9767-41A1-A668-79E4B128B654}.Debug|Any CPU.ActiveCfg = Debug|Any CPU
		{DAE11FD3-9767-41A1-A668-79E4B128B654}.Debug|Any CPU.Build.0 = Debug|Any CPU
		{DAE11FD3-9767-41A1-A668-79E4B128B654}.Release|Any CPU.ActiveCfg = Release|Any CPU
		{DAE11FD3-9767-41A1-A668-79E4B128B654}.Release|Any CPU.Build.0 = Release|Any CPU
		{BF1F7CB1-DD79-4C71-9FC9-7C18912D76E0}.Debug|Any CPU.ActiveCfg = Debug|Any CPU
		{BF1F7CB1-DD79-4C71-9FC9-7C18912D76E0}.Debug|Any CPU.Build.0 = Debug|Any CPU
		{BF1F7CB1-DD79-4C71-9FC9-7C18912D76E0}.Release|Any CPU.ActiveCfg = Release|Any CPU
		{BF1F7CB1-DD79-4C71-9FC9-7C18912D76E0}.Release|Any CPU.Build.0 = Release|Any CPU
		{BAB861FE-413C-40AE-81CF-EC778CA67AA1}.Debug|Any CPU.ActiveCfg = Debug|Any CPU
		{BAB861FE-413C-40AE-81CF-EC778CA67AA1}.Debug|Any CPU.Build.0 = Debug|Any CPU
		{BAB861FE-413C-40AE-81CF-EC778CA67AA1}.Release|Any CPU.ActiveCfg = Release|Any CPU
		{BAB861FE-413C-40AE-81CF-EC778CA67AA1}.Release|Any CPU.Build.0 = Release|Any CPU
	EndGlobalSection
	GlobalSection(SolutionProperties) = preSolution
		HideSolutionNode = FALSE
	EndGlobalSection
	GlobalSection(ExtensibilityGlobals) = postSolution
		SolutionGuid = {4401FA20-3E2F-4AF3-97C7-1CA1DF81EC4C}
	EndGlobalSection
EndGlobal
